
Microsoft Visual Studio Solution File, Format Version 12.00
# Visual Studio 15
VisualStudioVersion = 15.0.27004.2010
MinimumVisualStudioVersion = 10.0.40219.1
Project("{9A19103F-16F7-4668-BE54-9A1E7A4F7556}") = "KnowtShareCore", "KnowtShareCore\KnowtShareCore.csproj", "{0E8BDF00-0DD6-47EC-B874-883A8D8FC77B}"
EndProject
Global
	GlobalSection(SolutionConfigurationPlatforms) = preSolution
		Debug|Any CPU = Debug|Any CPU
		Release|Any CPU = Release|Any CPU
	EndGlobalSection
	GlobalSection(ProjectConfigurationPlatforms) = postSolution
		{0E8BDF00-0DD6-47EC-B874-883A8D8FC77B}.Debug|Any CPU.ActiveCfg = Debug|Any CPU
		{0E8BDF00-0DD6-47EC-B874-883A8D8FC77B}.Debug|Any CPU.Build.0 = Debug|Any CPU
		{0E8BDF00-0DD6-47EC-B874-883A8D8FC77B}.Release|Any CPU.ActiveCfg = Release|Any CPU
		{0E8BDF00-0DD6-47EC-B874-883A8D8FC77B}.Release|Any CPU.Build.0 = Release|Any CPU
	EndGlobalSection
	GlobalSection(SolutionProperties) = preSolution
		HideSolutionNode = FALSE
	EndGlobalSection
	GlobalSection(ExtensibilityGlobals) = postSolution
		SolutionGuid = {794325B8-0F47-469B-9162-5D9D782F9400}
	EndGlobalSection
EndGlobal
